// !$*UTF8*$!
{
	archiveVersion = 1;
	classes = {
	};
	objectVersion = 56;
	objects = {

/* Begin PBXBuildFile section */
		BE1016442ABCC72D0026F422 /* ProfileList.swift in Sources */ = {isa = PBXBuildFile; fileRef = BE1016432ABCC72D0026F422 /* ProfileList.swift */; };
		BE187B1B2ABA1900008C4EE0 /* Free_LunchApp.swift in Sources */ = {isa = PBXBuildFile; fileRef = BE187B1A2ABA1900008C4EE0 /* Free_LunchApp.swift */; };
		BE187B1F2ABA1901008C4EE0 /* Assets.xcassets in Resources */ = {isa = PBXBuildFile; fileRef = BE187B1E2ABA1901008C4EE0 /* Assets.xcassets */; };
		BE187B222ABA1901008C4EE0 /* Preview Assets.xcassets in Resources */ = {isa = PBXBuildFile; fileRef = BE187B212ABA1901008C4EE0 /* Preview Assets.xcassets */; };
		BE187B2D2ABA19E2008C4EE0 /* NetWorking Manager.swift in Sources */ = {isa = PBXBuildFile; fileRef = BE187B2C2ABA19E2008C4EE0 /* NetWorking Manager.swift */; };
		BE187B2F2ABA1A18008C4EE0 /* EndPoints.swift in Sources */ = {isa = PBXBuildFile; fileRef = BE187B2E2ABA1A18008C4EE0 /* EndPoints.swift */; };
		BE92595E2ABC62A90069ACE8 /* test.swift in Sources */ = {isa = PBXBuildFile; fileRef = BE92595D2ABC62A90069ACE8 /* test.swift */; };
		BEC55C382ABCA36900D48980 /* CustomTextFieldView.swift in Sources */ = {isa = PBXBuildFile; fileRef = BEC55C362ABCA36900D48980 /* CustomTextFieldView.swift */; };
		BEC55C392ABCA36900D48980 /* CustomButton.swift in Sources */ = {isa = PBXBuildFile; fileRef = BEC55C372ABCA36900D48980 /* CustomButton.swift */; };
		BEC55C3C2ABCA37700D48980 /* SigninView.swift in Sources */ = {isa = PBXBuildFile; fileRef = BEC55C3A2ABCA37600D48980 /* SigninView.swift */; };
		BEC55C3D2ABCA37700D48980 /* SignupView.swift in Sources */ = {isa = PBXBuildFile; fileRef = BEC55C3B2ABCA37700D48980 /* SignupView.swift */; };
		BED3A2552ABC7D74000177F0 /* .gitignore in Resources */ = {isa = PBXBuildFile; fileRef = BED3A2542ABC7D74000177F0 /* .gitignore */; };
		BEDCA7582ABC4AD600F0CCA3 /* LeaderBoard.swift in Sources */ = {isa = PBXBuildFile; fileRef = BEDCA7522ABC4AD500F0CCA3 /* LeaderBoard.swift */; };
		BEDCA75A2ABC4AD600F0CCA3 /* Profile.swift in Sources */ = {isa = PBXBuildFile; fileRef = BEDCA7542ABC4AD600F0CCA3 /* Profile.swift */; };
		BEDCA75B2ABC4AD600F0CCA3 /* DashBoard.swift in Sources */ = {isa = PBXBuildFile; fileRef = BEDCA7552ABC4AD600F0CCA3 /* DashBoard.swift */; };
		BEDCA75C2ABC4AD600F0CCA3 /* History.swift in Sources */ = {isa = PBXBuildFile; fileRef = BEDCA7562ABC4AD600F0CCA3 /* History.swift */; };
		BEDCA75D2ABC4AD600F0CCA3 /* FreeLunch.swift in Sources */ = {isa = PBXBuildFile; fileRef = BEDCA7572ABC4AD600F0CCA3 /* FreeLunch.swift */; };
		BEDCA75F2ABC4AF500F0CCA3 /* TabView.swift in Sources */ = {isa = PBXBuildFile; fileRef = BEDCA75E2ABC4AF500F0CCA3 /* TabView.swift */; };
		BEDCA76B2ABC4B1700F0CCA3 /* LeaderBoardList.swift in Sources */ = {isa = PBXBuildFile; fileRef = BEDCA7602ABC4B1700F0CCA3 /* LeaderBoardList.swift */; };
		BEDCA76C2ABC4B1700F0CCA3 /* GreyCard.swift in Sources */ = {isa = PBXBuildFile; fileRef = BEDCA7612ABC4B1700F0CCA3 /* GreyCard.swift */; };
		BEDCA76D2ABC4B1700F0CCA3 /* SearchInput.swift in Sources */ = {isa = PBXBuildFile; fileRef = BEDCA7622ABC4B1700F0CCA3 /* SearchInput.swift */; };
		BEDCA76E2ABC4B1700F0CCA3 /* ProgressTab.swift in Sources */ = {isa = PBXBuildFile; fileRef = BEDCA7632ABC4B1700F0CCA3 /* ProgressTab.swift */; };
		BEDCA76F2ABC4B1700F0CCA3 /* DashBoardHeader.swift in Sources */ = {isa = PBXBuildFile; fileRef = BEDCA7642ABC4B1700F0CCA3 /* DashBoardHeader.swift */; };
		BEDCA7702ABC4B1700F0CCA3 /* Stage.swift in Sources */ = {isa = PBXBuildFile; fileRef = BEDCA7652ABC4B1700F0CCA3 /* Stage.swift */; };
		BEDCA7712ABC4B1700F0CCA3 /* Story.swift in Sources */ = {isa = PBXBuildFile; fileRef = BEDCA7662ABC4B1700F0CCA3 /* Story.swift */; };
		BEDCA7722ABC4B1700F0CCA3 /* Stories.swift in Sources */ = {isa = PBXBuildFile; fileRef = BEDCA7672ABC4B1700F0CCA3 /* Stories.swift */; };
		BEDCA7732ABC4B1700F0CCA3 /* DashBoardMainCard.swift in Sources */ = {isa = PBXBuildFile; fileRef = BEDCA7682ABC4B1700F0CCA3 /* DashBoardMainCard.swift */; };
		BEDCA7742ABC4B1700F0CCA3 /* Historylist.swift in Sources */ = {isa = PBXBuildFile; fileRef = BEDCA7692ABC4B1700F0CCA3 /* Historylist.swift */; };
		BEDCA7752ABC4B1700F0CCA3 /* PrimaryButtton.swift in Sources */ = {isa = PBXBuildFile; fileRef = BEDCA76A2ABC4B1700F0CCA3 /* PrimaryButtton.swift */; };
		BEDCA7792ABC4E1A00F0CCA3 /* ContentView.swift in Sources */ = {isa = PBXBuildFile; fileRef = BEDCA7782ABC4E1A00F0CCA3 /* ContentView.swift */; };
		BEDCA77F2ABC4FC600F0CCA3 /* RedeemLunchSuccessfulView.swift in Sources */ = {isa = PBXBuildFile; fileRef = BEDCA77E2ABC4FC600F0CCA3 /* RedeemLunchSuccessfulView.swift */; };
		BEDCA7812ABC4FCA00F0CCA3 /* LunchDetailsInstructionView.swift in Sources */ = {isa = PBXBuildFile; fileRef = BEDCA7802ABC4FCA00F0CCA3 /* LunchDetailsInstructionView.swift */; };
		BEDCA7832ABC4FD300F0CCA3 /* SendLunchSuccessfulView.swift in Sources */ = {isa = PBXBuildFile; fileRef = BEDCA7822ABC4FD300F0CCA3 /* SendLunchSuccessfulView.swift */; };
		BEDCA7852ABC505800F0CCA3 /* LunchDetailsView.swift in Sources */ = {isa = PBXBuildFile; fileRef = BEDCA7842ABC505800F0CCA3 /* LunchDetailsView.swift */; };
/* End PBXBuildFile section */

/* Begin PBXFileReference section */
		823B36E52ABA609500462B78 /* Color + Extension.swift */ = {isa = PBXFileReference; lastKnownFileType = sourcecode.swift; path = "Color + Extension.swift"; sourceTree = "<group>"; };
		BB1AB12B2ABA485E00A2D0F7 /* SignupView.swift */ = {isa = PBXFileReference; lastKnownFileType = sourcecode.swift; path = SignupView.swift; sourceTree = "<group>"; };
		BE1016432ABCC72D0026F422 /* ProfileList.swift */ = {isa = PBXFileReference; lastKnownFileType = sourcecode.swift; path = ProfileList.swift; sourceTree = "<group>"; };
		BE187B172ABA1900008C4EE0 /* Free Lunch.app */ = {isa = PBXFileReference; explicitFileType = wrapper.application; includeInIndex = 0; path = "Free Lunch.app"; sourceTree = BUILT_PRODUCTS_DIR; };
		BE187B1A2ABA1900008C4EE0 /* Free_LunchApp.swift */ = {isa = PBXFileReference; lastKnownFileType = sourcecode.swift; path = Free_LunchApp.swift; sourceTree = "<group>"; };
		BE187B1E2ABA1901008C4EE0 /* Assets.xcassets */ = {isa = PBXFileReference; lastKnownFileType = folder.assetcatalog; path = Assets.xcassets; sourceTree = "<group>"; };
		BE187B212ABA1901008C4EE0 /* Preview Assets.xcassets */ = {isa = PBXFileReference; lastKnownFileType = folder.assetcatalog; path = "Preview Assets.xcassets"; sourceTree = "<group>"; };
		BE187B2C2ABA19E2008C4EE0 /* NetWorking Manager.swift */ = {isa = PBXFileReference; lastKnownFileType = sourcecode.swift; path = "NetWorking Manager.swift"; sourceTree = "<group>"; };
		BE187B2E2ABA1A18008C4EE0 /* EndPoints.swift */ = {isa = PBXFileReference; lastKnownFileType = sourcecode.swift; path = EndPoints.swift; sourceTree = "<group>"; };
		BE92595D2ABC62A90069ACE8 /* test.swift */ = {isa = PBXFileReference; lastKnownFileType = sourcecode.swift; path = test.swift; sourceTree = "<group>"; };
		BEC55C362ABCA36900D48980 /* CustomTextFieldView.swift */ = {isa = PBXFileReference; fileEncoding = 4; lastKnownFileType = sourcecode.swift; path = CustomTextFieldView.swift; sourceTree = "<group>"; };
		BEC55C372ABCA36900D48980 /* CustomButton.swift */ = {isa = PBXFileReference; fileEncoding = 4; lastKnownFileType = sourcecode.swift; path = CustomButton.swift; sourceTree = "<group>"; };
		BEC55C3A2ABCA37600D48980 /* SigninView.swift */ = {isa = PBXFileReference; fileEncoding = 4; lastKnownFileType = sourcecode.swift; path = SigninView.swift; sourceTree = "<group>"; };
		BEC55C3B2ABCA37700D48980 /* SignupView.swift */ = {isa = PBXFileReference; fileEncoding = 4; lastKnownFileType = sourcecode.swift; path = SignupView.swift; sourceTree = "<group>"; };
		BED3A2542ABC7D74000177F0 /* .gitignore */ = {isa = PBXFileReference; lastKnownFileType = text; path = .gitignore; sourceTree = "<group>"; };
		BEDCA7522ABC4AD500F0CCA3 /* LeaderBoard.swift */ = {isa = PBXFileReference; fileEncoding = 4; lastKnownFileType = sourcecode.swift; path = LeaderBoard.swift; sourceTree = "<group>"; };
		BEDCA7542ABC4AD600F0CCA3 /* Profile.swift */ = {isa = PBXFileReference; fileEncoding = 4; lastKnownFileType = sourcecode.swift; path = Profile.swift; sourceTree = "<group>"; };
		BEDCA7552ABC4AD600F0CCA3 /* DashBoard.swift */ = {isa = PBXFileReference; fileEncoding = 4; lastKnownFileType = sourcecode.swift; path = DashBoard.swift; sourceTree = "<group>"; };
		BEDCA7562ABC4AD600F0CCA3 /* History.swift */ = {isa = PBXFileReference; fileEncoding = 4; lastKnownFileType = sourcecode.swift; path = History.swift; sourceTree = "<group>"; };
		BEDCA7572ABC4AD600F0CCA3 /* FreeLunch.swift */ = {isa = PBXFileReference; fileEncoding = 4; lastKnownFileType = sourcecode.swift; path = FreeLunch.swift; sourceTree = "<group>"; };
		BEDCA75E2ABC4AF500F0CCA3 /* TabView.swift */ = {isa = PBXFileReference; fileEncoding = 4; lastKnownFileType = sourcecode.swift; path = TabView.swift; sourceTree = "<group>"; };
		BEDCA7602ABC4B1700F0CCA3 /* LeaderBoardList.swift */ = {isa = PBXFileReference; fileEncoding = 4; lastKnownFileType = sourcecode.swift; path = LeaderBoardList.swift; sourceTree = "<group>"; };
		BEDCA7612ABC4B1700F0CCA3 /* GreyCard.swift */ = {isa = PBXFileReference; fileEncoding = 4; lastKnownFileType = sourcecode.swift; path = GreyCard.swift; sourceTree = "<group>"; };
		BEDCA7622ABC4B1700F0CCA3 /* SearchInput.swift */ = {isa = PBXFileReference; fileEncoding = 4; lastKnownFileType = sourcecode.swift; path = SearchInput.swift; sourceTree = "<group>"; };
		BEDCA7632ABC4B1700F0CCA3 /* ProgressTab.swift */ = {isa = PBXFileReference; fileEncoding = 4; lastKnownFileType = sourcecode.swift; path = ProgressTab.swift; sourceTree = "<group>"; };
		BEDCA7642ABC4B1700F0CCA3 /* DashBoardHeader.swift */ = {isa = PBXFileReference; fileEncoding = 4; lastKnownFileType = sourcecode.swift; path = DashBoardHeader.swift; sourceTree = "<group>"; };
		BEDCA7652ABC4B1700F0CCA3 /* Stage.swift */ = {isa = PBXFileReference; fileEncoding = 4; lastKnownFileType = sourcecode.swift; path = Stage.swift; sourceTree = "<group>"; };
		BEDCA7662ABC4B1700F0CCA3 /* Story.swift */ = {isa = PBXFileReference; fileEncoding = 4; lastKnownFileType = sourcecode.swift; path = Story.swift; sourceTree = "<group>"; };
		BEDCA7672ABC4B1700F0CCA3 /* Stories.swift */ = {isa = PBXFileReference; fileEncoding = 4; lastKnownFileType = sourcecode.swift; path = Stories.swift; sourceTree = "<group>"; };
		BEDCA7682ABC4B1700F0CCA3 /* DashBoardMainCard.swift */ = {isa = PBXFileReference; fileEncoding = 4; lastKnownFileType = sourcecode.swift; path = DashBoardMainCard.swift; sourceTree = "<group>"; };
		BEDCA7692ABC4B1700F0CCA3 /* Historylist.swift */ = {isa = PBXFileReference; fileEncoding = 4; lastKnownFileType = sourcecode.swift; path = Historylist.swift; sourceTree = "<group>"; };
		BEDCA76A2ABC4B1700F0CCA3 /* PrimaryButtton.swift */ = {isa = PBXFileReference; fileEncoding = 4; lastKnownFileType = sourcecode.swift; path = PrimaryButtton.swift; sourceTree = "<group>"; };
		BEDCA7782ABC4E1A00F0CCA3 /* ContentView.swift */ = {isa = PBXFileReference; lastKnownFileType = sourcecode.swift; path = ContentView.swift; sourceTree = "<group>"; };
		BEDCA77E2ABC4FC600F0CCA3 /* RedeemLunchSuccessfulView.swift */ = {isa = PBXFileReference; lastKnownFileType = sourcecode.swift; path = RedeemLunchSuccessfulView.swift; sourceTree = "<group>"; };
		BEDCA7802ABC4FCA00F0CCA3 /* LunchDetailsInstructionView.swift */ = {isa = PBXFileReference; lastKnownFileType = sourcecode.swift; path = LunchDetailsInstructionView.swift; sourceTree = "<group>"; };
		BEDCA7822ABC4FD300F0CCA3 /* SendLunchSuccessfulView.swift */ = {isa = PBXFileReference; lastKnownFileType = sourcecode.swift; path = SendLunchSuccessfulView.swift; sourceTree = "<group>"; };
		BEDCA7842ABC505800F0CCA3 /* LunchDetailsView.swift */ = {isa = PBXFileReference; lastKnownFileType = sourcecode.swift; path = LunchDetailsView.swift; sourceTree = "<group>"; };
/* End PBXFileReference section */

/* Begin PBXFrameworksBuildPhase section */
		BE187B142ABA1900008C4EE0 /* Frameworks */ = {
			isa = PBXFrameworksBuildPhase;
			buildActionMask = 2147483647;
			files = (
			);
			runOnlyForDeploymentPostprocessing = 0;
		};
/* End PBXFrameworksBuildPhase section */

/* Begin PBXGroup section */
		823B36E42ABA607700462B78 /* Extension */ = {
			isa = PBXGroup;
			children = (
				823B36E52ABA609500462B78 /* Color + Extension.swift */,
			);
			path = Extension;
			sourceTree = "<group>";
		};
		BE187B0E2ABA18FF008C4EE0 = {
			isa = PBXGroup;
			children = (
				BED3A2542ABC7D74000177F0 /* .gitignore */,
				BE187B192ABA1900008C4EE0 /* Free Lunch */,
				BE187B182ABA1900008C4EE0 /* Products */,
			);
			sourceTree = "<group>";
		};
		BE187B182ABA1900008C4EE0 /* Products */ = {
			isa = PBXGroup;
			children = (
				BE187B172ABA1900008C4EE0 /* Free Lunch.app */,
			);
			name = Products;
			sourceTree = "<group>";
		};
		BE187B192ABA1900008C4EE0 /* Free Lunch */ = {
			isa = PBXGroup;
			children = (
				BEDCA7772ABC4DD800F0CCA3 /* Views */,
				BEDCA7762ABC4D6E00F0CCA3 /* Components */,
				823B36E42ABA607700462B78 /* Extension */,
				BE187B2A2ABA19B2008C4EE0 /* Base */,
				BE187B1A2ABA1900008C4EE0 /* Free_LunchApp.swift */,
				BE187B1E2ABA1901008C4EE0 /* Assets.xcassets */,
				BE187B202ABA1901008C4EE0 /* Preview Content */,
				BB1AB12B2ABA485E00A2D0F7 /* SignupView.swift */,
			);
			path = "Free Lunch";
			sourceTree = "<group>";
		};
		BE187B202ABA1901008C4EE0 /* Preview Content */ = {
			isa = PBXGroup;
			children = (
				BE187B212ABA1901008C4EE0 /* Preview Assets.xcassets */,
			);
			path = "Preview Content";
			sourceTree = "<group>";
		};
		BE187B2A2ABA19B2008C4EE0 /* Base */ = {
			isa = PBXGroup;
			children = (
				BE187B2B2ABA19CF008C4EE0 /* Api */,
			);
			path = Base;
			sourceTree = "<group>";
		};
		BE187B2B2ABA19CF008C4EE0 /* Api */ = {
			isa = PBXGroup;
			children = (
				BE187B2C2ABA19E2008C4EE0 /* NetWorking Manager.swift */,
				BE187B2E2ABA1A18008C4EE0 /* EndPoints.swift */,
			);
			path = Api;
			sourceTree = "<group>";
		};
		BEDCA7762ABC4D6E00F0CCA3 /* Components */ = {
			isa = PBXGroup;
			children = (
				BEC55C372ABCA36900D48980 /* CustomButton.swift */,
				BEC55C362ABCA36900D48980 /* CustomTextFieldView.swift */,
				BEDCA7802ABC4FCA00F0CCA3 /* LunchDetailsInstructionView.swift */,
				BEDCA75E2ABC4AF500F0CCA3 /* TabView.swift */,
				BEDCA7642ABC4B1700F0CCA3 /* DashBoardHeader.swift */,
				BEDCA7682ABC4B1700F0CCA3 /* DashBoardMainCard.swift */,
				BEDCA7612ABC4B1700F0CCA3 /* GreyCard.swift */,
				BEDCA7692ABC4B1700F0CCA3 /* Historylist.swift */,
				BE92595D2ABC62A90069ACE8 /* test.swift */,
				BEDCA7602ABC4B1700F0CCA3 /* LeaderBoardList.swift */,
				BEDCA76A2ABC4B1700F0CCA3 /* PrimaryButtton.swift */,
				BEDCA7632ABC4B1700F0CCA3 /* ProgressTab.swift */,
				BEDCA7622ABC4B1700F0CCA3 /* SearchInput.swift */,
				BEDCA7652ABC4B1700F0CCA3 /* Stage.swift */,
				BEDCA7672ABC4B1700F0CCA3 /* Stories.swift */,
				BEDCA7662ABC4B1700F0CCA3 /* Story.swift */,
				BE1016432ABCC72D0026F422 /* ProfileList.swift */,
			);
			path = Components;
			sourceTree = "<group>";
		};
		BEDCA7772ABC4DD800F0CCA3 /* Views */ = {
			isa = PBXGroup;
			children = (
				BEC55C3A2ABCA37600D48980 /* SigninView.swift */,
				BEC55C3B2ABCA37700D48980 /* SignupView.swift */,
				BEDCA7822ABC4FD300F0CCA3 /* SendLunchSuccessfulView.swift */,
				BEDCA77E2ABC4FC600F0CCA3 /* RedeemLunchSuccessfulView.swift */,
				BEDCA7842ABC505800F0CCA3 /* LunchDetailsView.swift */,
				BEDCA7552ABC4AD600F0CCA3 /* DashBoard.swift */,
				BEDCA7572ABC4AD600F0CCA3 /* FreeLunch.swift */,
				BEDCA7562ABC4AD600F0CCA3 /* History.swift */,
				BEDCA7522ABC4AD500F0CCA3 /* LeaderBoard.swift */,
				BEDCA7542ABC4AD600F0CCA3 /* Profile.swift */,
				BEDCA7782ABC4E1A00F0CCA3 /* ContentView.swift */,
			);
			path = Views;
			sourceTree = "<group>";
		};
/* End PBXGroup section */

/* Begin PBXNativeTarget section */
		BE187B162ABA1900008C4EE0 /* Free Lunch */ = {
			isa = PBXNativeTarget;
			buildConfigurationList = BE187B252ABA1901008C4EE0 /* Build configuration list for PBXNativeTarget "Free Lunch" */;
			buildPhases = (
				BE187B132ABA1900008C4EE0 /* Sources */,
				BE187B142ABA1900008C4EE0 /* Frameworks */,
				BE187B152ABA1900008C4EE0 /* Resources */,
			);
			buildRules = (
			);
			dependencies = (
			);
			name = "Free Lunch";
			productName = "Free Lunch";
			productReference = BE187B172ABA1900008C4EE0 /* Free Lunch.app */;
			productType = "com.apple.product-type.application";
		};
/* End PBXNativeTarget section */

/* Begin PBXProject section */
		BE187B0F2ABA1900008C4EE0 /* Project object */ = {
			isa = PBXProject;
			attributes = {
				BuildIndependentTargetsInParallel = 1;
				LastSwiftUpdateCheck = 1420;
				LastUpgradeCheck = 1420;
				TargetAttributes = {
					BE187B162ABA1900008C4EE0 = {
						CreatedOnToolsVersion = 14.2;
					};
				};
			};
			buildConfigurationList = BE187B122ABA1900008C4EE0 /* Build configuration list for PBXProject "Free Lunch" */;
			compatibilityVersion = "Xcode 14.0";
			developmentRegion = en;
			hasScannedForEncodings = 0;
			knownRegions = (
				en,
				Base,
			);
			mainGroup = BE187B0E2ABA18FF008C4EE0;
			productRefGroup = BE187B182ABA1900008C4EE0 /* Products */;
			projectDirPath = "";
			projectRoot = "";
			targets = (
				BE187B162ABA1900008C4EE0 /* Free Lunch */,
			);
		};
/* End PBXProject section */

/* Begin PBXResourcesBuildPhase section */
		BE187B152ABA1900008C4EE0 /* Resources */ = {
			isa = PBXResourcesBuildPhase;
			buildActionMask = 2147483647;
			files = (
				BE187B222ABA1901008C4EE0 /* Preview Assets.xcassets in Resources */,
				BED3A2552ABC7D74000177F0 /* .gitignore in Resources */,
				BE187B1F2ABA1901008C4EE0 /* Assets.xcassets in Resources */,
			);
			runOnlyForDeploymentPostprocessing = 0;
		};
/* End PBXResourcesBuildPhase section */

/* Begin PBXSourcesBuildPhase section */
		BE187B132ABA1900008C4EE0 /* Sources */ = {
			isa = PBXSourcesBuildPhase;
			buildActionMask = 2147483647;
			files = (
				BEDCA76E2ABC4B1700F0CCA3 /* ProgressTab.swift in Sources */,
				BEDCA75F2ABC4AF500F0CCA3 /* TabView.swift in Sources */,
				BEDCA7792ABC4E1A00F0CCA3 /* ContentView.swift in Sources */,
				BE92595E2ABC62A90069ACE8 /* test.swift in Sources */,
				BEC55C392ABCA36900D48980 /* CustomButton.swift in Sources */,
				BEDCA7812ABC4FCA00F0CCA3 /* LunchDetailsInstructionView.swift in Sources */,
				BEDCA7742ABC4B1700F0CCA3 /* Historylist.swift in Sources */,
				BEDCA7752ABC4B1700F0CCA3 /* PrimaryButtton.swift in Sources */,
				BEDCA75C2ABC4AD600F0CCA3 /* History.swift in Sources */,
				BEC55C382ABCA36900D48980 /* CustomTextFieldView.swift in Sources */,
				BEDCA7712ABC4B1700F0CCA3 /* Story.swift in Sources */,
				BEDCA7582ABC4AD600F0CCA3 /* LeaderBoard.swift in Sources */,
				BE187B2D2ABA19E2008C4EE0 /* NetWorking Manager.swift in Sources */,
				BEDCA75B2ABC4AD600F0CCA3 /* DashBoard.swift in Sources */,
				BEDCA75D2ABC4AD600F0CCA3 /* FreeLunch.swift in Sources */,
				BEDCA76C2ABC4B1700F0CCA3 /* GreyCard.swift in Sources */,
				BEDCA7722ABC4B1700F0CCA3 /* Stories.swift in Sources */,
				BEDCA76F2ABC4B1700F0CCA3 /* DashBoardHeader.swift in Sources */,
				BEDCA7732ABC4B1700F0CCA3 /* DashBoardMainCard.swift in Sources */,
				BEDCA7832ABC4FD300F0CCA3 /* SendLunchSuccessfulView.swift in Sources */,
				BEDCA7702ABC4B1700F0CCA3 /* Stage.swift in Sources */,
				BE1016442ABCC72D0026F422 /* ProfileList.swift in Sources */,
				BEDCA75A2ABC4AD600F0CCA3 /* Profile.swift in Sources */,
				BEDCA76D2ABC4B1700F0CCA3 /* SearchInput.swift in Sources */,
				BEC55C3C2ABCA37700D48980 /* SigninView.swift in Sources */,
				BEC55C3D2ABCA37700D48980 /* SignupView.swift in Sources */,
				BE187B2F2ABA1A18008C4EE0 /* EndPoints.swift in Sources */,
				BEDCA7852ABC505800F0CCA3 /* LunchDetailsView.swift in Sources */,
				BE187B1B2ABA1900008C4EE0 /* Free_LunchApp.swift in Sources */,
				BEDCA77F2ABC4FC600F0CCA3 /* RedeemLunchSuccessfulView.swift in Sources */,
				BEDCA76B2ABC4B1700F0CCA3 /* LeaderBoardList.swift in Sources */,
			);
			runOnlyForDeploymentPostprocessing = 0;
		};
/* End PBXSourcesBuildPhase section */

/* Begin XCBuildConfiguration section */
		BE187B232ABA1901008C4EE0 /* Debug */ = {
			isa = XCBuildConfiguration;
			buildSettings = {
				ALWAYS_SEARCH_USER_PATHS = NO;
				CLANG_ANALYZER_NONNULL = YES;
				CLANG_ANALYZER_NUMBER_OBJECT_CONVERSION = YES_AGGRESSIVE;
				CLANG_CXX_LANGUAGE_STANDARD = "gnu++20";
				CLANG_ENABLE_MODULES = YES;
				CLANG_ENABLE_OBJC_ARC = YES;
				CLANG_ENABLE_OBJC_WEAK = YES;
				CLANG_WARN_BLOCK_CAPTURE_AUTORELEASING = YES;
				CLANG_WARN_BOOL_CONVERSION = YES;
				CLANG_WARN_COMMA = YES;
				CLANG_WARN_CONSTANT_CONVERSION = YES;
				CLANG_WARN_DEPRECATED_OBJC_IMPLEMENTATIONS = YES;
				CLANG_WARN_DIRECT_OBJC_ISA_USAGE = YES_ERROR;
				CLANG_WARN_DOCUMENTATION_COMMENTS = YES;
				CLANG_WARN_EMPTY_BODY = YES;
				CLANG_WARN_ENUM_CONVERSION = YES;
				CLANG_WARN_INFINITE_RECURSION = YES;
				CLANG_WARN_INT_CONVERSION = YES;
				CLANG_WARN_NON_LITERAL_NULL_CONVERSION = YES;
				CLANG_WARN_OBJC_IMPLICIT_RETAIN_SELF = YES;
				CLANG_WARN_OBJC_LITERAL_CONVERSION = YES;
				CLANG_WARN_OBJC_ROOT_CLASS = YES_ERROR;
				CLANG_WARN_QUOTED_INCLUDE_IN_FRAMEWORK_HEADER = YES;
				CLANG_WARN_RANGE_LOOP_ANALYSIS = YES;
				CLANG_WARN_STRICT_PROTOTYPES = YES;
				CLANG_WARN_SUSPICIOUS_MOVE = YES;
				CLANG_WARN_UNGUARDED_AVAILABILITY = YES_AGGRESSIVE;
				CLANG_WARN_UNREACHABLE_CODE = YES;
				CLANG_WARN__DUPLICATE_METHOD_MATCH = YES;
				COPY_PHASE_STRIP = NO;
				DEBUG_INFORMATION_FORMAT = dwarf;
				ENABLE_STRICT_OBJC_MSGSEND = YES;
				ENABLE_TESTABILITY = YES;
				GCC_C_LANGUAGE_STANDARD = gnu11;
				GCC_DYNAMIC_NO_PIC = NO;
				GCC_NO_COMMON_BLOCKS = YES;
				GCC_OPTIMIZATION_LEVEL = 0;
				GCC_PREPROCESSOR_DEFINITIONS = (
					"DEBUG=1",
					"$(inherited)",
				);
				GCC_WARN_64_TO_32_BIT_CONVERSION = YES;
				GCC_WARN_ABOUT_RETURN_TYPE = YES_ERROR;
				GCC_WARN_UNDECLARED_SELECTOR = YES;
				GCC_WARN_UNINITIALIZED_AUTOS = YES_AGGRESSIVE;
				GCC_WARN_UNUSED_FUNCTION = YES;
				GCC_WARN_UNUSED_VARIABLE = YES;
				IPHONEOS_DEPLOYMENT_TARGET = 16.2;
				MTL_ENABLE_DEBUG_INFO = INCLUDE_SOURCE;
				MTL_FAST_MATH = YES;
				ONLY_ACTIVE_ARCH = YES;
				SDKROOT = iphoneos;
				SWIFT_ACTIVE_COMPILATION_CONDITIONS = DEBUG;
				SWIFT_OPTIMIZATION_LEVEL = "-Onone";
			};
			name = Debug;
		};
		BE187B242ABA1901008C4EE0 /* Release */ = {
			isa = XCBuildConfiguration;
			buildSettings = {
				ALWAYS_SEARCH_USER_PATHS = NO;
				CLANG_ANALYZER_NONNULL = YES;
				CLANG_ANALYZER_NUMBER_OBJECT_CONVERSION = YES_AGGRESSIVE;
				CLANG_CXX_LANGUAGE_STANDARD = "gnu++20";
				CLANG_ENABLE_MODULES = YES;
				CLANG_ENABLE_OBJC_ARC = YES;
				CLANG_ENABLE_OBJC_WEAK = YES;
				CLANG_WARN_BLOCK_CAPTURE_AUTORELEASING = YES;
				CLANG_WARN_BOOL_CONVERSION = YES;
				CLANG_WARN_COMMA = YES;
				CLANG_WARN_CONSTANT_CONVERSION = YES;
				CLANG_WARN_DEPRECATED_OBJC_IMPLEMENTATIONS = YES;
				CLANG_WARN_DIRECT_OBJC_ISA_USAGE = YES_ERROR;
				CLANG_WARN_DOCUMENTATION_COMMENTS = YES;
				CLANG_WARN_EMPTY_BODY = YES;
				CLANG_WARN_ENUM_CONVERSION = YES;
				CLANG_WARN_INFINITE_RECURSION = YES;
				CLANG_WARN_INT_CONVERSION = YES;
				CLANG_WARN_NON_LITERAL_NULL_CONVERSION = YES;
				CLANG_WARN_OBJC_IMPLICIT_RETAIN_SELF = YES;
				CLANG_WARN_OBJC_LITERAL_CONVERSION = YES;
				CLANG_WARN_OBJC_ROOT_CLASS = YES_ERROR;
				CLANG_WARN_QUOTED_INCLUDE_IN_FRAMEWORK_HEADER = YES;
				CLANG_WARN_RANGE_LOOP_ANALYSIS = YES;
				CLANG_WARN_STRICT_PROTOTYPES = YES;
				CLANG_WARN_SUSPICIOUS_MOVE = YES;
				CLANG_WARN_UNGUARDED_AVAILABILITY = YES_AGGRESSIVE;
				CLANG_WARN_UNREACHABLE_CODE = YES;
				CLANG_WARN__DUPLICATE_METHOD_MATCH = YES;
				COPY_PHASE_STRIP = NO;
				DEBUG_INFORMATION_FORMAT = "dwarf-with-dsym";
				ENABLE_NS_ASSERTIONS = NO;
				ENABLE_STRICT_OBJC_MSGSEND = YES;
				GCC_C_LANGUAGE_STANDARD = gnu11;
				GCC_NO_COMMON_BLOCKS = YES;
				GCC_WARN_64_TO_32_BIT_CONVERSION = YES;
				GCC_WARN_ABOUT_RETURN_TYPE = YES_ERROR;
				GCC_WARN_UNDECLARED_SELECTOR = YES;
				GCC_WARN_UNINITIALIZED_AUTOS = YES_AGGRESSIVE;
				GCC_WARN_UNUSED_FUNCTION = YES;
				GCC_WARN_UNUSED_VARIABLE = YES;
				IPHONEOS_DEPLOYMENT_TARGET = 16.2;
				MTL_ENABLE_DEBUG_INFO = NO;
				MTL_FAST_MATH = YES;
				SDKROOT = iphoneos;
				SWIFT_COMPILATION_MODE = wholemodule;
				SWIFT_OPTIMIZATION_LEVEL = "-O";
				VALIDATE_PRODUCT = YES;
			};
			name = Release;
		};
		BE187B262ABA1901008C4EE0 /* Debug */ = {
			isa = XCBuildConfiguration;
			buildSettings = {
				ASSETCATALOG_COMPILER_APPICON_NAME = AppIcon;
				ASSETCATALOG_COMPILER_GLOBAL_ACCENT_COLOR_NAME = AccentColor;
				CODE_SIGN_STYLE = Automatic;
				CURRENT_PROJECT_VERSION = 1;
				DEVELOPMENT_ASSET_PATHS = "\"Free Lunch/Preview Content\"";
				ENABLE_PREVIEWS = YES;
				GENERATE_INFOPLIST_FILE = YES;
				INFOPLIST_KEY_UIApplicationSceneManifest_Generation = YES;
				INFOPLIST_KEY_UIApplicationSupportsIndirectInputEvents = YES;
				INFOPLIST_KEY_UILaunchScreen_Generation = YES;
				INFOPLIST_KEY_UISupportedInterfaceOrientations_iPad = "UIInterfaceOrientationPortrait UIInterfaceOrientationPortraitUpsideDown UIInterfaceOrientationLandscapeLeft UIInterfaceOrientationLandscapeRight";
				INFOPLIST_KEY_UISupportedInterfaceOrientations_iPhone = "UIInterfaceOrientationPortrait UIInterfaceOrientationLandscapeLeft UIInterfaceOrientationLandscapeRight";
				LD_RUNPATH_SEARCH_PATHS = (
					"$(inherited)",
					"@executable_path/Frameworks",
				);
				MARKETING_VERSION = 1.0;
				PRODUCT_BUNDLE_IDENTIFIER = "com.netlify.david-oh.Free-Lunch";
				PRODUCT_NAME = "$(TARGET_NAME)";
				SWIFT_EMIT_LOC_STRINGS = YES;
				SWIFT_VERSION = 5.0;
				TARGETED_DEVICE_FAMILY = "1,2";
			};
			name = Debug;
		};
		BE187B272ABA1901008C4EE0 /* Release */ = {
			isa = XCBuildConfiguration;
			buildSettings = {
				ASSETCATALOG_COMPILER_APPICON_NAME = AppIcon;
				ASSETCATALOG_COMPILER_GLOBAL_ACCENT_COLOR_NAME = AccentColor;
				CODE_SIGN_STYLE = Automatic;
				CURRENT_PROJECT_VERSION = 1;
				DEVELOPMENT_ASSET_PATHS = "\"Free Lunch/Preview Content\"";
				ENABLE_PREVIEWS = YES;
				GENERATE_INFOPLIST_FILE = YES;
				INFOPLIST_KEY_UIApplicationSceneManifest_Generation = YES;
				INFOPLIST_KEY_UIApplicationSupportsIndirectInputEvents = YES;
				INFOPLIST_KEY_UILaunchScreen_Generation = YES;
				INFOPLIST_KEY_UISupportedInterfaceOrientations_iPad = "UIInterfaceOrientationPortrait UIInterfaceOrientationPortraitUpsideDown UIInterfaceOrientationLandscapeLeft UIInterfaceOrientationLandscapeRight";
				INFOPLIST_KEY_UISupportedInterfaceOrientations_iPhone = "UIInterfaceOrientationPortrait UIInterfaceOrientationLandscapeLeft UIInterfaceOrientationLandscapeRight";
				LD_RUNPATH_SEARCH_PATHS = (
					"$(inherited)",
					"@executable_path/Frameworks",
				);
				MARKETING_VERSION = 1.0;
				PRODUCT_BUNDLE_IDENTIFIER = "com.netlify.david-oh.Free-Lunch";
				PRODUCT_NAME = "$(TARGET_NAME)";
				SWIFT_EMIT_LOC_STRINGS = YES;
				SWIFT_VERSION = 5.0;
				TARGETED_DEVICE_FAMILY = "1,2";
			};
			name = Release;
		};
/* End XCBuildConfiguration section */

/* Begin XCConfigurationList section */
		BE187B122ABA1900008C4EE0 /* Build configuration list for PBXProject "Free Lunch" */ = {
			isa = XCConfigurationList;
			buildConfigurations = (
				BE187B232ABA1901008C4EE0 /* Debug */,
				BE187B242ABA1901008C4EE0 /* Release */,
			);
			defaultConfigurationIsVisible = 0;
			defaultConfigurationName = Release;
		};
		BE187B252ABA1901008C4EE0 /* Build configuration list for PBXNativeTarget "Free Lunch" */ = {
			isa = XCConfigurationList;
			buildConfigurations = (
				BE187B262ABA1901008C4EE0 /* Debug */,
				BE187B272ABA1901008C4EE0 /* Release */,
			);
			defaultConfigurationIsVisible = 0;
			defaultConfigurationName = Release;
		};
/* End XCConfigurationList section */
	};
	rootObject = BE187B0F2ABA1900008C4EE0 /* Project object */;
}
