// !$*UTF8*$!
{
	archiveVersion = 1;
	classes = {
	};
	objectVersion = 56;
	objects = {

/* Begin PBXBuildFile section */
		823B36E32ABA3D9B00462B78 /* LunchDetailsView.swift in Sources */ = {isa = PBXBuildFile; fileRef = 823B36E22ABA3D9B00462B78 /* LunchDetailsView.swift */; };
		823B36E62ABA609500462B78 /* Color + Extension.swift in Sources */ = {isa = PBXBuildFile; fileRef = 823B36E52ABA609500462B78 /* Color + Extension.swift */; };
		823B36E82ABA618100462B78 /* LunchDetailsInstructionView.swift in Sources */ = {isa = PBXBuildFile; fileRef = 823B36E72ABA618100462B78 /* LunchDetailsInstructionView.swift */; };
		8249D86A2ABB16370087676F /* RedeemLunchSuccessfulView.swift in Sources */ = {isa = PBXBuildFile; fileRef = 8249D8692ABB16370087676F /* RedeemLunchSuccessfulView.swift */; };
		8249D86C2ABB16500087676F /* SendLunchSuccessfulView.swift in Sources */ = {isa = PBXBuildFile; fileRef = 8249D86B2ABB16500087676F /* SendLunchSuccessfulView.swift */; };
		BE187B1B2ABA1900008C4EE0 /* Free_LunchApp.swift in Sources */ = {isa = PBXBuildFile; fileRef = BE187B1A2ABA1900008C4EE0 /* Free_LunchApp.swift */; };
		BE187B1D2ABA1900008C4EE0 /* ContentView.swift in Sources */ = {isa = PBXBuildFile; fileRef = BE187B1C2ABA1900008C4EE0 /* ContentView.swift */; };
		BE187B1F2ABA1901008C4EE0 /* Assets.xcassets in Resources */ = {isa = PBXBuildFile; fileRef = BE187B1E2ABA1901008C4EE0 /* Assets.xcassets */; };
		BE187B222ABA1901008C4EE0 /* Preview Assets.xcassets in Resources */ = {isa = PBXBuildFile; fileRef = BE187B212ABA1901008C4EE0 /* Preview Assets.xcassets */; };
		BE187B2D2ABA19E2008C4EE0 /* NetWorking Manager.swift in Sources */ = {isa = PBXBuildFile; fileRef = BE187B2C2ABA19E2008C4EE0 /* NetWorking Manager.swift */; };
		BE187B2F2ABA1A18008C4EE0 /* EndPoints.swift in Sources */ = {isa = PBXBuildFile; fileRef = BE187B2E2ABA1A18008C4EE0 /* EndPoints.swift */; };
		BE6DB3CA2ABA27F200924E9A /* DashBoard.swift in Sources */ = {isa = PBXBuildFile; fileRef = BE6DB3C92ABA27F200924E9A /* DashBoard.swift */; };
		BE6DB3CC2ABA280100924E9A /* TabView.swift in Sources */ = {isa = PBXBuildFile; fileRef = BE6DB3CB2ABA280100924E9A /* TabView.swift */; };
		BE6DB3CE2ABA2F7200924E9A /* PrimaryButtton.swift in Sources */ = {isa = PBXBuildFile; fileRef = BE6DB3CD2ABA2F7200924E9A /* PrimaryButtton.swift */; };
		BE6DB3D02ABA37E300924E9A /* GreyCard.swift in Sources */ = {isa = PBXBuildFile; fileRef = BE6DB3CF2ABA37E300924E9A /* GreyCard.swift */; };
		BE6DB3D22ABA41A800924E9A /* FreeLunch.swift in Sources */ = {isa = PBXBuildFile; fileRef = BE6DB3D12ABA41A800924E9A /* FreeLunch.swift */; };
		BE6DB3D62ABA41F700924E9A /* DashBoardHeader.swift in Sources */ = {isa = PBXBuildFile; fileRef = BE6DB3D52ABA41F700924E9A /* DashBoardHeader.swift */; };
		BE6DB3D82ABA447C00924E9A /* SearchInput.swift in Sources */ = {isa = PBXBuildFile; fileRef = BE6DB3D72ABA447C00924E9A /* SearchInput.swift */; };
		BE6DB3DA2ABA5E9000924E9A /* Story.swift in Sources */ = {isa = PBXBuildFile; fileRef = BE6DB3D92ABA5E9000924E9A /* Story.swift */; };
		BE6DB3DC2ABA5EEE00924E9A /* Stories.swift in Sources */ = {isa = PBXBuildFile; fileRef = BE6DB3DB2ABA5EEE00924E9A /* Stories.swift */; };
		BE6DB3DE2ABAE74000924E9A /* LeaderBoard.swift in Sources */ = {isa = PBXBuildFile; fileRef = BE6DB3DD2ABAE74000924E9A /* LeaderBoard.swift */; };
		BE6DB3E02ABAEAB400924E9A /* ProgressTab.swift in Sources */ = {isa = PBXBuildFile; fileRef = BE6DB3DF2ABAEAB400924E9A /* ProgressTab.swift */; };
		BE6DB3E22ABAF53F00924E9A /* Stage.swift in Sources */ = {isa = PBXBuildFile; fileRef = BE6DB3E12ABAF53F00924E9A /* Stage.swift */; };
		BE6DB3E42ABAFB1D00924E9A /* LeaderBoardList.swift in Sources */ = {isa = PBXBuildFile; fileRef = BE6DB3E32ABAFB1D00924E9A /* LeaderBoardList.swift */; };
		BE6DB3E62ABB02DB00924E9A /* History.swift in Sources */ = {isa = PBXBuildFile; fileRef = BE6DB3E52ABB02DB00924E9A /* History.swift */; };
		BE6DB3E82ABB1BBC00924E9A /* DashBoardMainCard.swift in Sources */ = {isa = PBXBuildFile; fileRef = BE6DB3E72ABB1BBC00924E9A /* DashBoardMainCard.swift */; };
		BE6DB3EA2ABB447000924E9A /* Profile.swift in Sources */ = {isa = PBXBuildFile; fileRef = BE6DB3E92ABB447000924E9A /* Profile.swift */; };
		BE6DB3ED2ABB559A00924E9A /* dashboardtrophy.png in Resources */ = {isa = PBXBuildFile; fileRef = BE6DB3EB2ABB559A00924E9A /* dashboardtrophy.png */; };
		BE6DB3EE2ABB559A00924E9A /* succestrophy.png in Resources */ = {isa = PBXBuildFile; fileRef = BE6DB3EC2ABB559A00924E9A /* succestrophy.png */; };
		BE6DB3F02ABB76A500924E9A /* Historylist.swift in Sources */ = {isa = PBXBuildFile; fileRef = BE6DB3EF2ABB76A500924E9A /* Historylist.swift */; };
/* End PBXBuildFile section */

/* Begin PBXFileReference section */
		823B36E22ABA3D9B00462B78 /* LunchDetailsView.swift */ = {isa = PBXFileReference; lastKnownFileType = sourcecode.swift; path = LunchDetailsView.swift; sourceTree = "<group>"; };
		823B36E52ABA609500462B78 /* Color + Extension.swift */ = {isa = PBXFileReference; lastKnownFileType = sourcecode.swift; path = "Color + Extension.swift"; sourceTree = "<group>"; };
		823B36E72ABA618100462B78 /* LunchDetailsInstructionView.swift */ = {isa = PBXFileReference; lastKnownFileType = sourcecode.swift; path = LunchDetailsInstructionView.swift; sourceTree = "<group>"; };
		8249D8692ABB16370087676F /* RedeemLunchSuccessfulView.swift */ = {isa = PBXFileReference; lastKnownFileType = sourcecode.swift; path = RedeemLunchSuccessfulView.swift; sourceTree = "<group>"; };
		8249D86B2ABB16500087676F /* SendLunchSuccessfulView.swift */ = {isa = PBXFileReference; lastKnownFileType = sourcecode.swift; path = SendLunchSuccessfulView.swift; sourceTree = "<group>"; };
		BE187B172ABA1900008C4EE0 /* Free Lunch.app */ = {isa = PBXFileReference; explicitFileType = wrapper.application; includeInIndex = 0; path = "Free Lunch.app"; sourceTree = BUILT_PRODUCTS_DIR; };
		BE187B1A2ABA1900008C4EE0 /* Free_LunchApp.swift */ = {isa = PBXFileReference; lastKnownFileType = sourcecode.swift; path = Free_LunchApp.swift; sourceTree = "<group>"; };
		BE187B1C2ABA1900008C4EE0 /* ContentView.swift */ = {isa = PBXFileReference; lastKnownFileType = sourcecode.swift; path = ContentView.swift; sourceTree = "<group>"; };
		BE187B1E2ABA1901008C4EE0 /* Assets.xcassets */ = {isa = PBXFileReference; lastKnownFileType = folder.assetcatalog; path = Assets.xcassets; sourceTree = "<group>"; };
		BE187B212ABA1901008C4EE0 /* Preview Assets.xcassets */ = {isa = PBXFileReference; lastKnownFileType = folder.assetcatalog; path = "Preview Assets.xcassets"; sourceTree = "<group>"; };
		BE187B2C2ABA19E2008C4EE0 /* NetWorking Manager.swift */ = {isa = PBXFileReference; lastKnownFileType = sourcecode.swift; path = "NetWorking Manager.swift"; sourceTree = "<group>"; };
		BE187B2E2ABA1A18008C4EE0 /* EndPoints.swift */ = {isa = PBXFileReference; lastKnownFileType = sourcecode.swift; path = EndPoints.swift; sourceTree = "<group>"; };
		BE6DB3C92ABA27F200924E9A /* DashBoard.swift */ = {isa = PBXFileReference; lastKnownFileType = sourcecode.swift; path = DashBoard.swift; sourceTree = "<group>"; };
		BE6DB3CB2ABA280100924E9A /* TabView.swift */ = {isa = PBXFileReference; lastKnownFileType = sourcecode.swift; path = TabView.swift; sourceTree = "<group>"; };
		BE6DB3CD2ABA2F7200924E9A /* PrimaryButtton.swift */ = {isa = PBXFileReference; lastKnownFileType = sourcecode.swift; path = PrimaryButtton.swift; sourceTree = "<group>"; };
		BE6DB3CF2ABA37E300924E9A /* GreyCard.swift */ = {isa = PBXFileReference; lastKnownFileType = sourcecode.swift; path = GreyCard.swift; sourceTree = "<group>"; };
		BE6DB3D12ABA41A800924E9A /* FreeLunch.swift */ = {isa = PBXFileReference; lastKnownFileType = sourcecode.swift; path = FreeLunch.swift; sourceTree = "<group>"; };
		BE6DB3D52ABA41F700924E9A /* DashBoardHeader.swift */ = {isa = PBXFileReference; lastKnownFileType = sourcecode.swift; path = DashBoardHeader.swift; sourceTree = "<group>"; };
		BE6DB3D72ABA447C00924E9A /* SearchInput.swift */ = {isa = PBXFileReference; lastKnownFileType = sourcecode.swift; path = SearchInput.swift; sourceTree = "<group>"; };
		BE6DB3D92ABA5E9000924E9A /* Story.swift */ = {isa = PBXFileReference; lastKnownFileType = sourcecode.swift; path = Story.swift; sourceTree = "<group>"; };
		BE6DB3DB2ABA5EEE00924E9A /* Stories.swift */ = {isa = PBXFileReference; lastKnownFileType = sourcecode.swift; path = Stories.swift; sourceTree = "<group>"; };
		BE6DB3DD2ABAE74000924E9A /* LeaderBoard.swift */ = {isa = PBXFileReference; lastKnownFileType = sourcecode.swift; path = LeaderBoard.swift; sourceTree = "<group>"; };
		BE6DB3DF2ABAEAB400924E9A /* ProgressTab.swift */ = {isa = PBXFileReference; lastKnownFileType = sourcecode.swift; path = ProgressTab.swift; sourceTree = "<group>"; };
		BE6DB3E12ABAF53F00924E9A /* Stage.swift */ = {isa = PBXFileReference; lastKnownFileType = sourcecode.swift; path = Stage.swift; sourceTree = "<group>"; };
		BE6DB3E32ABAFB1D00924E9A /* LeaderBoardList.swift */ = {isa = PBXFileReference; lastKnownFileType = sourcecode.swift; path = LeaderBoardList.swift; sourceTree = "<group>"; };
		BE6DB3E52ABB02DB00924E9A /* History.swift */ = {isa = PBXFileReference; lastKnownFileType = sourcecode.swift; path = History.swift; sourceTree = "<group>"; };
		BE6DB3E72ABB1BBC00924E9A /* DashBoardMainCard.swift */ = {isa = PBXFileReference; lastKnownFileType = sourcecode.swift; path = DashBoardMainCard.swift; sourceTree = "<group>"; };
		BE6DB3E92ABB447000924E9A /* Profile.swift */ = {isa = PBXFileReference; lastKnownFileType = sourcecode.swift; path = Profile.swift; sourceTree = "<group>"; };
		BE6DB3EB2ABB559A00924E9A /* dashboardtrophy.png */ = {isa = PBXFileReference; lastKnownFileType = image.png; path = dashboardtrophy.png; sourceTree = "<group>"; };
		BE6DB3EC2ABB559A00924E9A /* succestrophy.png */ = {isa = PBXFileReference; lastKnownFileType = image.png; path = succestrophy.png; sourceTree = "<group>"; };
		BE6DB3EF2ABB76A500924E9A /* Historylist.swift */ = {isa = PBXFileReference; lastKnownFileType = sourcecode.swift; path = Historylist.swift; sourceTree = "<group>"; };
/* End PBXFileReference section */

/* Begin PBXFrameworksBuildPhase section */
		BE187B142ABA1900008C4EE0 /* Frameworks */ = {
			isa = PBXFrameworksBuildPhase;
			buildActionMask = 2147483647;
			files = (
			);
			runOnlyForDeploymentPostprocessing = 0;
		};
/* End PBXFrameworksBuildPhase section */

/* Begin PBXGroup section */
		823B36E42ABA607700462B78 /* Extension */ = {
			isa = PBXGroup;
			children = (
				823B36E52ABA609500462B78 /* Color + Extension.swift */,
			);
			path = Extension;
			sourceTree = "<group>";
		};
		8249D8682ABB159F0087676F /* TesViews */ = {
			isa = PBXGroup;
			children = (
				823B36E22ABA3D9B00462B78 /* LunchDetailsView.swift */,
				823B36E72ABA618100462B78 /* LunchDetailsInstructionView.swift */,
				8249D8692ABB16370087676F /* RedeemLunchSuccessfulView.swift */,
				8249D86B2ABB16500087676F /* SendLunchSuccessfulView.swift */,
			);
			path = TesViews;
			sourceTree = "<group>";
		};
		BE187B0E2ABA18FF008C4EE0 = {
			isa = PBXGroup;
			children = (
				BE187B192ABA1900008C4EE0 /* Free Lunch */,
				BE187B182ABA1900008C4EE0 /* Products */,
			);
			sourceTree = "<group>";
		};
		BE187B182ABA1900008C4EE0 /* Products */ = {
			isa = PBXGroup;
			children = (
				BE187B172ABA1900008C4EE0 /* Free Lunch.app */,
			);
			name = Products;
			sourceTree = "<group>";
		};
		BE187B192ABA1900008C4EE0 /* Free Lunch */ = {
			isa = PBXGroup;
			children = (
				823B36E42ABA607700462B78 /* Extension */,
				BE187B2A2ABA19B2008C4EE0 /* Base */,
				BE187B1A2ABA1900008C4EE0 /* Free_LunchApp.swift */,
				BE187B1E2ABA1901008C4EE0 /* Assets.xcassets */,
				BE6DB3EB2ABB559A00924E9A /* dashboardtrophy.png */,
				BE6DB3EC2ABB559A00924E9A /* succestrophy.png */,
				BE187B202ABA1901008C4EE0 /* Preview Content */,
				8249D8682ABB159F0087676F /* TesViews */,
			);
			path = "Free Lunch";
			sourceTree = "<group>";
		};
		BE187B202ABA1901008C4EE0 /* Preview Content */ = {
			isa = PBXGroup;
			children = (
				BE187B212ABA1901008C4EE0 /* Preview Assets.xcassets */,
			);
			path = "Preview Content";
			sourceTree = "<group>";
		};
		BE187B2A2ABA19B2008C4EE0 /* Base */ = {
			isa = PBXGroup;
			children = (
				BE187B2B2ABA19CF008C4EE0 /* Api */,
			);
			path = Base;
			sourceTree = "<group>";
		};
		BE187B2B2ABA19CF008C4EE0 /* Api */ = {
			isa = PBXGroup;
			children = (
				BE187B2C2ABA19E2008C4EE0 /* NetWorking Manager.swift */,
				BE187B2E2ABA1A18008C4EE0 /* EndPoints.swift */,
			);
			path = Api;
			sourceTree = "<group>";
		};
/* End PBXGroup section */

/* Begin PBXNativeTarget section */
		BE187B162ABA1900008C4EE0 /* Free Lunch */ = {
			isa = PBXNativeTarget;
			buildConfigurationList = BE187B252ABA1901008C4EE0 /* Build configuration list for PBXNativeTarget "Free Lunch" */;
			buildPhases = (
				BE187B132ABA1900008C4EE0 /* Sources */,
				BE187B142ABA1900008C4EE0 /* Frameworks */,
				BE187B152ABA1900008C4EE0 /* Resources */,
			);
			buildRules = (
			);
			dependencies = (
			);
			name = "Free Lunch";
			productName = "Free Lunch";
			productReference = BE187B172ABA1900008C4EE0 /* Free Lunch.app */;
			productType = "com.apple.product-type.application";
		};
/* End PBXNativeTarget section */

/* Begin PBXProject section */
		BE187B0F2ABA1900008C4EE0 /* Project object */ = {
			isa = PBXProject;
			attributes = {
				BuildIndependentTargetsInParallel = 1;
				LastSwiftUpdateCheck = 1420;
				LastUpgradeCheck = 1420;
				TargetAttributes = {
					BE187B162ABA1900008C4EE0 = {
						CreatedOnToolsVersion = 14.2;
					};
				};
			};
			buildConfigurationList = BE187B122ABA1900008C4EE0 /* Build configuration list for PBXProject "Free Lunch" */;
			compatibilityVersion = "Xcode 14.0";
			developmentRegion = en;
			hasScannedForEncodings = 0;
			knownRegions = (
				en,
				Base,
			);
			mainGroup = BE187B0E2ABA18FF008C4EE0;
			productRefGroup = BE187B182ABA1900008C4EE0 /* Products */;
			projectDirPath = "";
			projectRoot = "";
			targets = (
				BE187B162ABA1900008C4EE0 /* Free Lunch */,
			);
		};
/* End PBXProject section */

/* Begin PBXResourcesBuildPhase section */
		BE187B152ABA1900008C4EE0 /* Resources */ = {
			isa = PBXResourcesBuildPhase;
			buildActionMask = 2147483647;
			files = (
				BE6DB3ED2ABB559A00924E9A /* dashboardtrophy.png in Resources */,
				BE187B222ABA1901008C4EE0 /* Preview Assets.xcassets in Resources */,
				BE187B1F2ABA1901008C4EE0 /* Assets.xcassets in Resources */,
				BE6DB3EE2ABB559A00924E9A /* succestrophy.png in Resources */,
			);
			runOnlyForDeploymentPostprocessing = 0;
		};
/* End PBXResourcesBuildPhase section */

/* Begin PBXSourcesBuildPhase section */
		BE187B132ABA1900008C4EE0 /* Sources */ = {
			isa = PBXSourcesBuildPhase;
			buildActionMask = 2147483647;
			files = (
				BE187B2D2ABA19E2008C4EE0 /* NetWorking Manager.swift in Sources */,
				BE6DB3D02ABA37E300924E9A /* GreyCard.swift in Sources */,
				BE6DB3CA2ABA27F200924E9A /* DashBoard.swift in Sources */,
				BE6DB3CE2ABA2F7200924E9A /* PrimaryButtton.swift in Sources */,
				BE6DB3DE2ABAE74000924E9A /* LeaderBoard.swift in Sources */,
				BE187B2F2ABA1A18008C4EE0 /* EndPoints.swift in Sources */,
				BE6DB3F02ABB76A500924E9A /* Historylist.swift in Sources */,
				BE6DB3E22ABAF53F00924E9A /* Stage.swift in Sources */,
				BE6DB3E82ABB1BBC00924E9A /* DashBoardMainCard.swift in Sources */,
				BE6DB3CC2ABA280100924E9A /* TabView.swift in Sources */,
				BE6DB3D82ABA447C00924E9A /* SearchInput.swift in Sources */,
				BE187B1B2ABA1900008C4EE0 /* Free_LunchApp.swift in Sources */,
			);
			runOnlyForDeploymentPostprocessing = 0;
		};
/* End PBXSourcesBuildPhase section */

/* Begin XCBuildConfiguration section */
		BE187B232ABA1901008C4EE0 /* Debug */ = {
			isa = XCBuildConfiguration;
			buildSettings = {
				ALWAYS_SEARCH_USER_PATHS = NO;
				CLANG_ANALYZER_NONNULL = YES;
				CLANG_ANALYZER_NUMBER_OBJECT_CONVERSION = YES_AGGRESSIVE;
				CLANG_CXX_LANGUAGE_STANDARD = "gnu++20";
				CLANG_ENABLE_MODULES = YES;
				CLANG_ENABLE_OBJC_ARC = YES;
				CLANG_ENABLE_OBJC_WEAK = YES;
				CLANG_WARN_BLOCK_CAPTURE_AUTORELEASING = YES;
				CLANG_WARN_BOOL_CONVERSION = YES;
				CLANG_WARN_COMMA = YES;
				CLANG_WARN_CONSTANT_CONVERSION = YES;
				CLANG_WARN_DEPRECATED_OBJC_IMPLEMENTATIONS = YES;
				CLANG_WARN_DIRECT_OBJC_ISA_USAGE = YES_ERROR;
				CLANG_WARN_DOCUMENTATION_COMMENTS = YES;
				CLANG_WARN_EMPTY_BODY = YES;
				CLANG_WARN_ENUM_CONVERSION = YES;
				CLANG_WARN_INFINITE_RECURSION = YES;
				CLANG_WARN_INT_CONVERSION = YES;
				CLANG_WARN_NON_LITERAL_NULL_CONVERSION = YES;
				CLANG_WARN_OBJC_IMPLICIT_RETAIN_SELF = YES;
				CLANG_WARN_OBJC_LITERAL_CONVERSION = YES;
				CLANG_WARN_OBJC_ROOT_CLASS = YES_ERROR;
				CLANG_WARN_QUOTED_INCLUDE_IN_FRAMEWORK_HEADER = YES;
				CLANG_WARN_RANGE_LOOP_ANALYSIS = YES;
				CLANG_WARN_STRICT_PROTOTYPES = YES;
				CLANG_WARN_SUSPICIOUS_MOVE = YES;
				CLANG_WARN_UNGUARDED_AVAILABILITY = YES_AGGRESSIVE;
				CLANG_WARN_UNREACHABLE_CODE = YES;
				CLANG_WARN__DUPLICATE_METHOD_MATCH = YES;
				COPY_PHASE_STRIP = NO;
				DEBUG_INFORMATION_FORMAT = dwarf;
				ENABLE_STRICT_OBJC_MSGSEND = YES;
				ENABLE_TESTABILITY = YES;
				GCC_C_LANGUAGE_STANDARD = gnu11;
				GCC_DYNAMIC_NO_PIC = NO;
				GCC_NO_COMMON_BLOCKS = YES;
				GCC_OPTIMIZATION_LEVEL = 0;
				GCC_PREPROCESSOR_DEFINITIONS = (
					"DEBUG=1",
					"$(inherited)",
				);
				GCC_WARN_64_TO_32_BIT_CONVERSION = YES;
				GCC_WARN_ABOUT_RETURN_TYPE = YES_ERROR;
				GCC_WARN_UNDECLARED_SELECTOR = YES;
				GCC_WARN_UNINITIALIZED_AUTOS = YES_AGGRESSIVE;
				GCC_WARN_UNUSED_FUNCTION = YES;
				GCC_WARN_UNUSED_VARIABLE = YES;
				IPHONEOS_DEPLOYMENT_TARGET = 16.2;
				MTL_ENABLE_DEBUG_INFO = INCLUDE_SOURCE;
				MTL_FAST_MATH = YES;
				ONLY_ACTIVE_ARCH = YES;
				SDKROOT = iphoneos;
				SWIFT_ACTIVE_COMPILATION_CONDITIONS = DEBUG;
				SWIFT_OPTIMIZATION_LEVEL = "-Onone";
			};
			name = Debug;
		};
		BE187B242ABA1901008C4EE0 /* Release */ = {
			isa = XCBuildConfiguration;
			buildSettings = {
				ALWAYS_SEARCH_USER_PATHS = NO;
				CLANG_ANALYZER_NONNULL = YES;
				CLANG_ANALYZER_NUMBER_OBJECT_CONVERSION = YES_AGGRESSIVE;
				CLANG_CXX_LANGUAGE_STANDARD = "gnu++20";
				CLANG_ENABLE_MODULES = YES;
				CLANG_ENABLE_OBJC_ARC = YES;
				CLANG_ENABLE_OBJC_WEAK = YES;
				CLANG_WARN_BLOCK_CAPTURE_AUTORELEASING = YES;
				CLANG_WARN_BOOL_CONVERSION = YES;
				CLANG_WARN_COMMA = YES;
				CLANG_WARN_CONSTANT_CONVERSION = YES;
				CLANG_WARN_DEPRECATED_OBJC_IMPLEMENTATIONS = YES;
				CLANG_WARN_DIRECT_OBJC_ISA_USAGE = YES_ERROR;
				CLANG_WARN_DOCUMENTATION_COMMENTS = YES;
				CLANG_WARN_EMPTY_BODY = YES;
				CLANG_WARN_ENUM_CONVERSION = YES;
				CLANG_WARN_INFINITE_RECURSION = YES;
				CLANG_WARN_INT_CONVERSION = YES;
				CLANG_WARN_NON_LITERAL_NULL_CONVERSION = YES;
				CLANG_WARN_OBJC_IMPLICIT_RETAIN_SELF = YES;
				CLANG_WARN_OBJC_LITERAL_CONVERSION = YES;
				CLANG_WARN_OBJC_ROOT_CLASS = YES_ERROR;
				CLANG_WARN_QUOTED_INCLUDE_IN_FRAMEWORK_HEADER = YES;
				CLANG_WARN_RANGE_LOOP_ANALYSIS = YES;
				CLANG_WARN_STRICT_PROTOTYPES = YES;
				CLANG_WARN_SUSPICIOUS_MOVE = YES;
				CLANG_WARN_UNGUARDED_AVAILABILITY = YES_AGGRESSIVE;
				CLANG_WARN_UNREACHABLE_CODE = YES;
				CLANG_WARN__DUPLICATE_METHOD_MATCH = YES;
				COPY_PHASE_STRIP = NO;
				DEBUG_INFORMATION_FORMAT = "dwarf-with-dsym";
				ENABLE_NS_ASSERTIONS = NO;
				ENABLE_STRICT_OBJC_MSGSEND = YES;
				GCC_C_LANGUAGE_STANDARD = gnu11;
				GCC_NO_COMMON_BLOCKS = YES;
				GCC_WARN_64_TO_32_BIT_CONVERSION = YES;
				GCC_WARN_ABOUT_RETURN_TYPE = YES_ERROR;
				GCC_WARN_UNDECLARED_SELECTOR = YES;
				GCC_WARN_UNINITIALIZED_AUTOS = YES_AGGRESSIVE;
				GCC_WARN_UNUSED_FUNCTION = YES;
				GCC_WARN_UNUSED_VARIABLE = YES;
				IPHONEOS_DEPLOYMENT_TARGET = 16.2;
				MTL_ENABLE_DEBUG_INFO = NO;
				MTL_FAST_MATH = YES;
				SDKROOT = iphoneos;
				SWIFT_COMPILATION_MODE = wholemodule;
				SWIFT_OPTIMIZATION_LEVEL = "-O";
				VALIDATE_PRODUCT = YES;
			};
			name = Release;
		};
		BE187B262ABA1901008C4EE0 /* Debug */ = {
			isa = XCBuildConfiguration;
			buildSettings = {
				ASSETCATALOG_COMPILER_APPICON_NAME = AppIcon;
				ASSETCATALOG_COMPILER_GLOBAL_ACCENT_COLOR_NAME = AccentColor;
				CODE_SIGN_STYLE = Automatic;
				CURRENT_PROJECT_VERSION = 1;
				DEVELOPMENT_ASSET_PATHS = "\"Free Lunch/Preview Content\"";
				ENABLE_PREVIEWS = YES;
				GENERATE_INFOPLIST_FILE = YES;
				INFOPLIST_KEY_UIApplicationSceneManifest_Generation = YES;
				INFOPLIST_KEY_UIApplicationSupportsIndirectInputEvents = YES;
				INFOPLIST_KEY_UILaunchScreen_Generation = YES;
				INFOPLIST_KEY_UISupportedInterfaceOrientations_iPad = "UIInterfaceOrientationPortrait UIInterfaceOrientationPortraitUpsideDown UIInterfaceOrientationLandscapeLeft UIInterfaceOrientationLandscapeRight";
				INFOPLIST_KEY_UISupportedInterfaceOrientations_iPhone = "UIInterfaceOrientationPortrait UIInterfaceOrientationLandscapeLeft UIInterfaceOrientationLandscapeRight";
				LD_RUNPATH_SEARCH_PATHS = (
					"$(inherited)",
					"@executable_path/Frameworks",
				);
				MARKETING_VERSION = 1.0;
				PRODUCT_BUNDLE_IDENTIFIER = "com.netlify.david-oh.Free-Lunch";
				PRODUCT_NAME = "$(TARGET_NAME)";
				SWIFT_EMIT_LOC_STRINGS = YES;
				SWIFT_VERSION = 5.0;
				TARGETED_DEVICE_FAMILY = "1,2";
			};
			name = Debug;
		};
		BE187B272ABA1901008C4EE0 /* Release */ = {
			isa = XCBuildConfiguration;
			buildSettings = {
				ASSETCATALOG_COMPILER_APPICON_NAME = AppIcon;
				ASSETCATALOG_COMPILER_GLOBAL_ACCENT_COLOR_NAME = AccentColor;
				CODE_SIGN_STYLE = Automatic;
				CURRENT_PROJECT_VERSION = 1;
				DEVELOPMENT_ASSET_PATHS = "\"Free Lunch/Preview Content\"";
				ENABLE_PREVIEWS = YES;
				GENERATE_INFOPLIST_FILE = YES;
				INFOPLIST_KEY_UIApplicationSceneManifest_Generation = YES;
				INFOPLIST_KEY_UIApplicationSupportsIndirectInputEvents = YES;
				INFOPLIST_KEY_UILaunchScreen_Generation = YES;
				INFOPLIST_KEY_UISupportedInterfaceOrientations_iPad = "UIInterfaceOrientationPortrait UIInterfaceOrientationPortraitUpsideDown UIInterfaceOrientationLandscapeLeft UIInterfaceOrientationLandscapeRight";
				INFOPLIST_KEY_UISupportedInterfaceOrientations_iPhone = "UIInterfaceOrientationPortrait UIInterfaceOrientationLandscapeLeft UIInterfaceOrientationLandscapeRight";
				LD_RUNPATH_SEARCH_PATHS = (
					"$(inherited)",
					"@executable_path/Frameworks",
				);
				MARKETING_VERSION = 1.0;
				PRODUCT_BUNDLE_IDENTIFIER = "com.netlify.david-oh.Free-Lunch";
				PRODUCT_NAME = "$(TARGET_NAME)";
				SWIFT_EMIT_LOC_STRINGS = YES;
				SWIFT_VERSION = 5.0;
				TARGETED_DEVICE_FAMILY = "1,2";
			};
			name = Release;
		};
/* End XCBuildConfiguration section */

/* Begin XCConfigurationList section */
		BE187B122ABA1900008C4EE0 /* Build configuration list for PBXProject "Free Lunch" */ = {
			isa = XCConfigurationList;
			buildConfigurations = (
				BE187B232ABA1901008C4EE0 /* Debug */,
				BE187B242ABA1901008C4EE0 /* Release */,
			);
			defaultConfigurationIsVisible = 0;
			defaultConfigurationName = Release;
		};
		BE187B252ABA1901008C4EE0 /* Build configuration list for PBXNativeTarget "Free Lunch" */ = {
			isa = XCConfigurationList;
			buildConfigurations = (
				BE187B262ABA1901008C4EE0 /* Debug */,
				BE187B272ABA1901008C4EE0 /* Release */,
			);
			defaultConfigurationIsVisible = 0;
			defaultConfigurationName = Release;
		};
/* End XCConfigurationList section */
	};
	rootObject = BE187B0F2ABA1900008C4EE0 /* Project object */;
}
